
Microsoft Visual Studio Solution File, Format Version 12.00
# Visual Studio 15
VisualStudioVersion = 15.0.28307.1259
MinimumVisualStudioVersion = 10.0.40219.1
Project("{8BC9CEB8-8B4A-11D0-8D11-00A0C91BC942}") = "p23", "p23\p23.vcxproj", "{061CADF1-C3AC-4EC9-A4C0-E17482A487BC}"
EndProject
Global
	GlobalSection(SolutionConfigurationPlatforms) = preSolution
		Debug|x64 = Debug|x64
		Debug|x86 = Debug|x86
		Release|x64 = Release|x64
		Release|x86 = Release|x86
	EndGlobalSection
	GlobalSection(ProjectConfigurationPlatforms) = postSolution
		{061CADF1-C3AC-4EC9-A4C0-E17482A487BC}.Debug|x64.ActiveCfg = Debug|x64
		{061CADF1-C3AC-4EC9-A4C0-E17482A487BC}.Debug|x64.Build.0 = Debug|x64
		{061CADF1-C3AC-4EC9-A4C0-E17482A487BC}.Debug|x86.ActiveCfg = Debug|Win32
		{061CADF1-C3AC-4EC9-A4C0-E17482A487BC}.Debug|x86.Build.0 = Debug|Win32
		{061CADF1-C3AC-4EC9-A4C0-E17482A487BC}.Release|x64.ActiveCfg = Release|x64
		{061CADF1-C3AC-4EC9-A4C0-E17482A487BC}.Release|x64.Build.0 = Release|x64
		{061CADF1-C3AC-4EC9-A4C0-E17482A487BC}.Release|x86.ActiveCfg = Release|Win32
		{061CADF1-C3AC-4EC9-A4C0-E17482A487BC}.Release|x86.Build.0 = Release|Win32
	EndGlobalSection
	GlobalSection(SolutionProperties) = preSolution
		HideSolutionNode = FALSE
	EndGlobalSection
	GlobalSection(ExtensibilityGlobals) = postSolution
		SolutionGuid = {F18C22A3-1F70-491A-92E6-6C0F965C59E1}
	EndGlobalSection
EndGlobal
